
Microsoft Visual Studio Solution File, Format Version 12.00
# Visual Studio Version 16
VisualStudioVersion = 16.0.29001.49
MinimumVisualStudioVersion = 10.0.40219.1
Project("{FAE04EC0-301F-11D3-BF4B-00C04F79EFBC}") = "WebApplication1", "WebApplication1\WebApplication1.csproj", "{FB74A23D-54C0-433D-99A4-1F4721466FED}"
EndProject
Global
	GlobalSection(SolutionConfigurationPlatforms) = preSolution
		Debug|Any CPU = Debug|Any CPU
		Release|Any CPU = Release|Any CPU
	EndGlobalSection
	GlobalSection(ProjectConfigurationPlatforms) = postSolution
		{FB74A23D-54C0-433D-99A4-1F4721466FED}.Debug|Any CPU.ActiveCfg = Debug|Any CPU
		{FB74A23D-54C0-433D-99A4-1F4721466FED}.Debug|Any CPU.Build.0 = Debug|Any CPU
		{FB74A23D-54C0-433D-99A4-1F4721466FED}.Release|Any CPU.ActiveCfg = Release|Any CPU
		{FB74A23D-54C0-433D-99A4-1F4721466FED}.Release|Any CPU.Build.0 = Release|Any CPU
	EndGlobalSection
	GlobalSection(SolutionProperties) = preSolution
		HideSolutionNode = FALSE
	EndGlobalSection
	GlobalSection(ExtensibilityGlobals) = postSolution
		SolutionGuid = {D7C52544-8C2F-4B03-AC26-E036582AC590}
	EndGlobalSection
EndGlobal
